// !$*UTF8*$!
{
	archiveVersion = 1;
	classes = {
	};
	objectVersion = 46;
	objects = {

/* Begin PBXBuildFile section */
		3926FECD1AAC47AA005B2DF9 /* Constants.swift in Sources */ = {isa = PBXBuildFile; fileRef = 3926FECC1AAC47AA005B2DF9 /* Constants.swift */; };
		3926FED11AACB335005B2DF9 /* StaticData.swift in Sources */ = {isa = PBXBuildFile; fileRef = 3926FED01AACB334005B2DF9 /* StaticData.swift */; };
		392E9B471A6D3143006C6869 /* ParkinglotTableViewCell.swift in Sources */ = {isa = PBXBuildFile; fileRef = 392E9B461A6D3143006C6869 /* ParkinglotTableViewCell.swift */; };
		393F0D381A9737AF00B25B74 /* Parkinglot.swift in Sources */ = {isa = PBXBuildFile; fileRef = 393F0D371A9737AF00B25B74 /* Parkinglot.swift */; };
		393F0D3A1A97BDBB00B25B74 /* ServerController.swift in Sources */ = {isa = PBXBuildFile; fileRef = 393F0D391A97BDBB00B25B74 /* ServerController.swift */; };
		3977CA251A9CC78C00E20014 /* InfoPlist.strings in Resources */ = {isa = PBXBuildFile; fileRef = 3977CA271A9CC78C00E20014 /* InfoPlist.strings */; };
		397B92091A9BCE0A000D42CE /* ParkinglotData.swift in Sources */ = {isa = PBXBuildFile; fileRef = 397B92081A9BCE0A000D42CE /* ParkinglotData.swift */; };
		397D7B1D1A9A2236001B5874 /* Localizable.strings in Resources */ = {isa = PBXBuildFile; fileRef = 397D7B1F1A9A2236001B5874 /* Localizable.strings */; };
		39B037501A949CD600C5A273 /* MapViewController.swift in Sources */ = {isa = PBXBuildFile; fileRef = 39B0374F1A949CD600C5A273 /* MapViewController.swift */; };
		39B037521A94C73E00C5A273 /* AboutViewController.swift in Sources */ = {isa = PBXBuildFile; fileRef = 39B037511A94C73E00C5A273 /* AboutViewController.swift */; };
		39B037541A94DD4500C5A273 /* Settings.bundle in Resources */ = {isa = PBXBuildFile; fileRef = 39B037531A94DD4500C5A273 /* Settings.bundle */; };
		39B953531AA0A59600026EC2 /* NotificationCenter.framework in Frameworks */ = {isa = PBXBuildFile; fileRef = 39B953521AA0A59600026EC2 /* NotificationCenter.framework */; };
		39B953581AA0A59600026EC2 /* TodayViewController.swift in Sources */ = {isa = PBXBuildFile; fileRef = 39B953571AA0A59600026EC2 /* TodayViewController.swift */; };
		39B9535A1AA0A59600026EC2 /* MainInterface.storyboard in Resources */ = {isa = PBXBuildFile; fileRef = 39B953591AA0A59600026EC2 /* MainInterface.storyboard */; };
		39B9535D1AA0A59600026EC2 /* ParkenDDWidget.appex in Embed App Extensions */ = {isa = PBXBuildFile; fileRef = 39B953501AA0A59600026EC2 /* ParkenDDWidget.appex */; settings = {ATTRIBUTES = (RemoveHeadersOnCopy, ); }; };
		39F4CFE41A6BBC0200ACFECF /* AppDelegate.swift in Sources */ = {isa = PBXBuildFile; fileRef = 39F4CFE31A6BBC0200ACFECF /* AppDelegate.swift */; };
		39F4CFE61A6BBC0200ACFECF /* ViewController.swift in Sources */ = {isa = PBXBuildFile; fileRef = 39F4CFE51A6BBC0200ACFECF /* ViewController.swift */; };
		39F4CFE91A6BBC0200ACFECF /* Main.storyboard in Resources */ = {isa = PBXBuildFile; fileRef = 39F4CFE71A6BBC0200ACFECF /* Main.storyboard */; };
		39F4CFEB1A6BBC0200ACFECF /* Images.xcassets in Resources */ = {isa = PBXBuildFile; fileRef = 39F4CFEA1A6BBC0200ACFECF /* Images.xcassets */; };
		39F4CFEE1A6BBC0200ACFECF /* LaunchScreen.xib in Resources */ = {isa = PBXBuildFile; fileRef = 39F4CFEC1A6BBC0200ACFECF /* LaunchScreen.xib */; };
		39F4CFFA1A6BBC0200ACFECF /* ParkenDDTests.swift in Sources */ = {isa = PBXBuildFile; fileRef = 39F4CFF91A6BBC0200ACFECF /* ParkenDDTests.swift */; };
/* End PBXBuildFile section */

/* Begin PBXContainerItemProxy section */
		39B9535B1AA0A59600026EC2 /* PBXContainerItemProxy */ = {
			isa = PBXContainerItemProxy;
			containerPortal = 39F4CFD61A6BBC0200ACFECF /* Project object */;
			proxyType = 1;
			remoteGlobalIDString = 39B9534F1AA0A59600026EC2;
			remoteInfo = ParkenDDWidget;
		};
		39F4CFF41A6BBC0200ACFECF /* PBXContainerItemProxy */ = {
			isa = PBXContainerItemProxy;
			containerPortal = 39F4CFD61A6BBC0200ACFECF /* Project object */;
			proxyType = 1;
			remoteGlobalIDString = 39F4CFDD1A6BBC0200ACFECF;
			remoteInfo = ParkenDD;
		};
/* End PBXContainerItemProxy section */

/* Begin PBXCopyFilesBuildPhase section */
		39B953611AA0A59600026EC2 /* Embed App Extensions */ = {
			isa = PBXCopyFilesBuildPhase;
			buildActionMask = 2147483647;
			dstPath = "";
			dstSubfolderSpec = 13;
			files = (
				39B9535D1AA0A59600026EC2 /* ParkenDDWidget.appex in Embed App Extensions */,
			);
			name = "Embed App Extensions";
			runOnlyForDeploymentPostprocessing = 0;
		};
/* End PBXCopyFilesBuildPhase section */

/* Begin PBXFileReference section */
		391F71961A9CD45B00E72DDD /* de */ = {isa = PBXFileReference; lastKnownFileType = file.storyboard; name = de; path = de.lproj/Main.storyboard; sourceTree = "<group>"; };
		3926FECC1AAC47AA005B2DF9 /* Constants.swift */ = {isa = PBXFileReference; fileEncoding = 4; lastKnownFileType = sourcecode.swift; path = Constants.swift; sourceTree = "<group>"; };
		3926FED01AACB334005B2DF9 /* StaticData.swift */ = {isa = PBXFileReference; fileEncoding = 4; lastKnownFileType = sourcecode.swift; path = StaticData.swift; sourceTree = "<group>"; };
		392E9B461A6D3143006C6869 /* ParkinglotTableViewCell.swift */ = {isa = PBXFileReference; fileEncoding = 4; lastKnownFileType = sourcecode.swift; path = ParkinglotTableViewCell.swift; sourceTree = "<group>"; };
		393F0D371A9737AF00B25B74 /* Parkinglot.swift */ = {isa = PBXFileReference; fileEncoding = 4; lastKnownFileType = sourcecode.swift; path = Parkinglot.swift; sourceTree = "<group>"; };
		393F0D391A97BDBB00B25B74 /* ServerController.swift */ = {isa = PBXFileReference; fileEncoding = 4; lastKnownFileType = sourcecode.swift; path = ServerController.swift; sourceTree = "<group>"; };
		3977CA261A9CC78C00E20014 /* Base */ = {isa = PBXFileReference; lastKnownFileType = text.plist.strings; name = Base; path = Base.lproj/InfoPlist.strings; sourceTree = "<group>"; };
		3977CA281A9CC78E00E20014 /* de */ = {isa = PBXFileReference; lastKnownFileType = text.plist.strings; name = de; path = de.lproj/InfoPlist.strings; sourceTree = "<group>"; };
		397B92081A9BCE0A000D42CE /* ParkinglotData.swift */ = {isa = PBXFileReference; fileEncoding = 4; lastKnownFileType = sourcecode.swift; path = ParkinglotData.swift; sourceTree = "<group>"; };
		397D7B1A1A9A203E001B5874 /* de */ = {isa = PBXFileReference; lastKnownFileType = text.plist.strings; name = de; path = de.lproj/LaunchScreen.strings; sourceTree = "<group>"; };
		397D7B1E1A9A2236001B5874 /* Base */ = {isa = PBXFileReference; lastKnownFileType = text.plist.strings; name = Base; path = Base.lproj/Localizable.strings; sourceTree = "<group>"; };
		397D7B201A9A223A001B5874 /* de */ = {isa = PBXFileReference; lastKnownFileType = text.plist.strings; name = de; path = de.lproj/Localizable.strings; sourceTree = "<group>"; };
		39B0374F1A949CD600C5A273 /* MapViewController.swift */ = {isa = PBXFileReference; fileEncoding = 4; lastKnownFileType = sourcecode.swift; path = MapViewController.swift; sourceTree = "<group>"; };
		39B037511A94C73E00C5A273 /* AboutViewController.swift */ = {isa = PBXFileReference; fileEncoding = 4; lastKnownFileType = sourcecode.swift; path = AboutViewController.swift; sourceTree = "<group>"; };
		39B037531A94DD4500C5A273 /* Settings.bundle */ = {isa = PBXFileReference; lastKnownFileType = "wrapper.plug-in"; path = Settings.bundle; sourceTree = "<group>"; };
		39B953501AA0A59600026EC2 /* ParkenDDWidget.appex */ = {isa = PBXFileReference; explicitFileType = "wrapper.app-extension"; includeInIndex = 0; path = ParkenDDWidget.appex; sourceTree = BUILT_PRODUCTS_DIR; };
		39B953521AA0A59600026EC2 /* NotificationCenter.framework */ = {isa = PBXFileReference; lastKnownFileType = wrapper.framework; name = NotificationCenter.framework; path = System/Library/Frameworks/NotificationCenter.framework; sourceTree = SDKROOT; };
		39B953561AA0A59600026EC2 /* Info.plist */ = {isa = PBXFileReference; lastKnownFileType = text.plist.xml; path = Info.plist; sourceTree = "<group>"; };
		39B953571AA0A59600026EC2 /* TodayViewController.swift */ = {isa = PBXFileReference; lastKnownFileType = sourcecode.swift; path = TodayViewController.swift; sourceTree = "<group>"; };
		39B953591AA0A59600026EC2 /* MainInterface.storyboard */ = {isa = PBXFileReference; lastKnownFileType = file.storyboard; path = MainInterface.storyboard; sourceTree = "<group>"; };
		39F4CFDE1A6BBC0200ACFECF /* ParkenDD.app */ = {isa = PBXFileReference; explicitFileType = wrapper.application; includeInIndex = 0; path = ParkenDD.app; sourceTree = BUILT_PRODUCTS_DIR; };
		39F4CFE21A6BBC0200ACFECF /* Info.plist */ = {isa = PBXFileReference; lastKnownFileType = text.plist.xml; path = Info.plist; sourceTree = "<group>"; };
		39F4CFE31A6BBC0200ACFECF /* AppDelegate.swift */ = {isa = PBXFileReference; lastKnownFileType = sourcecode.swift; path = AppDelegate.swift; sourceTree = "<group>"; };
		39F4CFE51A6BBC0200ACFECF /* ViewController.swift */ = {isa = PBXFileReference; lastKnownFileType = sourcecode.swift; path = ViewController.swift; sourceTree = "<group>"; };
		39F4CFE81A6BBC0200ACFECF /* Base */ = {isa = PBXFileReference; lastKnownFileType = file.storyboard; name = Base; path = Base.lproj/Main.storyboard; sourceTree = "<group>"; };
		39F4CFEA1A6BBC0200ACFECF /* Images.xcassets */ = {isa = PBXFileReference; lastKnownFileType = folder.assetcatalog; path = Images.xcassets; sourceTree = "<group>"; };
		39F4CFED1A6BBC0200ACFECF /* Base */ = {isa = PBXFileReference; lastKnownFileType = file.xib; name = Base; path = Base.lproj/LaunchScreen.xib; sourceTree = "<group>"; };
		39F4CFF31A6BBC0200ACFECF /* ParkenDDTests.xctest */ = {isa = PBXFileReference; explicitFileType = wrapper.cfbundle; includeInIndex = 0; path = ParkenDDTests.xctest; sourceTree = BUILT_PRODUCTS_DIR; };
		39F4CFF81A6BBC0200ACFECF /* Info.plist */ = {isa = PBXFileReference; lastKnownFileType = text.plist.xml; path = Info.plist; sourceTree = "<group>"; };
		39F4CFF91A6BBC0200ACFECF /* ParkenDDTests.swift */ = {isa = PBXFileReference; lastKnownFileType = sourcecode.swift; path = ParkenDDTests.swift; sourceTree = "<group>"; };
/* End PBXFileReference section */

/* Begin PBXFrameworksBuildPhase section */
		39B9534D1AA0A59600026EC2 /* Frameworks */ = {
			isa = PBXFrameworksBuildPhase;
			buildActionMask = 2147483647;
			files = (
				39B953531AA0A59600026EC2 /* NotificationCenter.framework in Frameworks */,
			);
			runOnlyForDeploymentPostprocessing = 0;
		};
		39F4CFDB1A6BBC0200ACFECF /* Frameworks */ = {
			isa = PBXFrameworksBuildPhase;
			buildActionMask = 2147483647;
			files = (
			);
			runOnlyForDeploymentPostprocessing = 0;
		};
		39F4CFF01A6BBC0200ACFECF /* Frameworks */ = {
			isa = PBXFrameworksBuildPhase;
			buildActionMask = 2147483647;
			files = (
			);
			runOnlyForDeploymentPostprocessing = 0;
		};
/* End PBXFrameworksBuildPhase section */

/* Begin PBXGroup section */
		39B953511AA0A59600026EC2 /* Frameworks */ = {
			isa = PBXGroup;
			children = (
				39B953521AA0A59600026EC2 /* NotificationCenter.framework */,
			);
			name = Frameworks;
			sourceTree = "<group>";
		};
		39B953541AA0A59600026EC2 /* ParkenDDWidget */ = {
			isa = PBXGroup;
			children = (
				39B953571AA0A59600026EC2 /* TodayViewController.swift */,
				39B953591AA0A59600026EC2 /* MainInterface.storyboard */,
				39B953551AA0A59600026EC2 /* Supporting Files */,
			);
			path = ParkenDDWidget;
			sourceTree = "<group>";
		};
		39B953551AA0A59600026EC2 /* Supporting Files */ = {
			isa = PBXGroup;
			children = (
				39B953561AA0A59600026EC2 /* Info.plist */,
			);
			name = "Supporting Files";
			sourceTree = "<group>";
		};
		39F4CFD51A6BBC0200ACFECF = {
			isa = PBXGroup;
			children = (
				39F4CFE01A6BBC0200ACFECF /* ParkenDD */,
				39F4CFF61A6BBC0200ACFECF /* ParkenDDTests */,
				39B953541AA0A59600026EC2 /* ParkenDDWidget */,
				39B953511AA0A59600026EC2 /* Frameworks */,
				39F4CFDF1A6BBC0200ACFECF /* Products */,
			);
			sourceTree = "<group>";
		};
		39F4CFDF1A6BBC0200ACFECF /* Products */ = {
			isa = PBXGroup;
			children = (
				39F4CFDE1A6BBC0200ACFECF /* ParkenDD.app */,
				39F4CFF31A6BBC0200ACFECF /* ParkenDDTests.xctest */,
				39B953501AA0A59600026EC2 /* ParkenDDWidget.appex */,
			);
			name = Products;
			sourceTree = "<group>";
		};
		39F4CFE01A6BBC0200ACFECF /* ParkenDD */ = {
			isa = PBXGroup;
			children = (
				39F4CFE31A6BBC0200ACFECF /* AppDelegate.swift */,
				39F4CFE51A6BBC0200ACFECF /* ViewController.swift */,
				3926FECC1AAC47AA005B2DF9 /* Constants.swift */,
				393F0D391A97BDBB00B25B74 /* ServerController.swift */,
				393F0D371A9737AF00B25B74 /* Parkinglot.swift */,
				3926FED01AACB334005B2DF9 /* StaticData.swift */,
				39B0374F1A949CD600C5A273 /* MapViewController.swift */,
				39B037511A94C73E00C5A273 /* AboutViewController.swift */,
				397D7B1F1A9A2236001B5874 /* Localizable.strings */,
				39F4CFE71A6BBC0200ACFECF /* Main.storyboard */,
				39B037531A94DD4500C5A273 /* Settings.bundle */,
				392E9B461A6D3143006C6869 /* ParkinglotTableViewCell.swift */,
				397B92081A9BCE0A000D42CE /* ParkinglotData.swift */,
				39F4CFEA1A6BBC0200ACFECF /* Images.xcassets */,
				39F4CFEC1A6BBC0200ACFECF /* LaunchScreen.xib */,
				39F4CFE11A6BBC0200ACFECF /* Supporting Files */,
			);
			path = ParkenDD;
			sourceTree = "<group>";
		};
		39F4CFE11A6BBC0200ACFECF /* Supporting Files */ = {
			isa = PBXGroup;
			children = (
				39F4CFE21A6BBC0200ACFECF /* Info.plist */,
				3977CA271A9CC78C00E20014 /* InfoPlist.strings */,
			);
			name = "Supporting Files";
			sourceTree = "<group>";
		};
		39F4CFF61A6BBC0200ACFECF /* ParkenDDTests */ = {
			isa = PBXGroup;
			children = (
				39F4CFF91A6BBC0200ACFECF /* ParkenDDTests.swift */,
				39F4CFF71A6BBC0200ACFECF /* Supporting Files */,
			);
			path = ParkenDDTests;
			sourceTree = "<group>";
		};
		39F4CFF71A6BBC0200ACFECF /* Supporting Files */ = {
			isa = PBXGroup;
			children = (
				39F4CFF81A6BBC0200ACFECF /* Info.plist */,
			);
			name = "Supporting Files";
			sourceTree = "<group>";
		};
/* End PBXGroup section */

/* Begin PBXNativeTarget section */
		39B9534F1AA0A59600026EC2 /* ParkenDDWidget */ = {
			isa = PBXNativeTarget;
			buildConfigurationList = 39B953601AA0A59600026EC2 /* Build configuration list for PBXNativeTarget "ParkenDDWidget" */;
			buildPhases = (
				39B9534C1AA0A59600026EC2 /* Sources */,
				39B9534D1AA0A59600026EC2 /* Frameworks */,
				39B9534E1AA0A59600026EC2 /* Resources */,
			);
			buildRules = (
			);
			dependencies = (
			);
			name = ParkenDDWidget;
			productName = ParkenDDWidget;
			productReference = 39B953501AA0A59600026EC2 /* ParkenDDWidget.appex */;
			productType = "com.apple.product-type.app-extension";
		};
		39F4CFDD1A6BBC0200ACFECF /* ParkenDD */ = {
			isa = PBXNativeTarget;
			buildConfigurationList = 39F4CFFD1A6BBC0200ACFECF /* Build configuration list for PBXNativeTarget "ParkenDD" */;
			buildPhases = (
				39F4CFDA1A6BBC0200ACFECF /* Sources */,
				39F4CFDB1A6BBC0200ACFECF /* Frameworks */,
				39F4CFDC1A6BBC0200ACFECF /* Resources */,
				39B953611AA0A59600026EC2 /* Embed App Extensions */,
			);
			buildRules = (
			);
			dependencies = (
				39B9535C1AA0A59600026EC2 /* PBXTargetDependency */,
			);
			name = ParkenDD;
			productName = ParkenDD;
			productReference = 39F4CFDE1A6BBC0200ACFECF /* ParkenDD.app */;
			productType = "com.apple.product-type.application";
		};
		39F4CFF21A6BBC0200ACFECF /* ParkenDDTests */ = {
			isa = PBXNativeTarget;
			buildConfigurationList = 39F4D0001A6BBC0200ACFECF /* Build configuration list for PBXNativeTarget "ParkenDDTests" */;
			buildPhases = (
				39F4CFEF1A6BBC0200ACFECF /* Sources */,
				39F4CFF01A6BBC0200ACFECF /* Frameworks */,
				39F4CFF11A6BBC0200ACFECF /* Resources */,
			);
			buildRules = (
			);
			dependencies = (
				39F4CFF51A6BBC0200ACFECF /* PBXTargetDependency */,
			);
			name = ParkenDDTests;
			productName = ParkenDDTests;
			productReference = 39F4CFF31A6BBC0200ACFECF /* ParkenDDTests.xctest */;
			productType = "com.apple.product-type.bundle.unit-test";
		};
/* End PBXNativeTarget section */

/* Begin PBXProject section */
		39F4CFD61A6BBC0200ACFECF /* Project object */ = {
			isa = PBXProject;
			attributes = {
				LastUpgradeCheck = 0610;
				ORGANIZATIONNAME = "Kilian Koeltzsch";
				TargetAttributes = {
					39B9534F1AA0A59600026EC2 = {
						CreatedOnToolsVersion = 6.3;
						DevelopmentTeam = HU85FER47E;
					};
					39F4CFDD1A6BBC0200ACFECF = {
						CreatedOnToolsVersion = 6.1.1;
						DevelopmentTeam = HU85FER47E;
					};
					39F4CFF21A6BBC0200ACFECF = {
						CreatedOnToolsVersion = 6.1.1;
						DevelopmentTeam = HU85FER47E;
						TestTargetID = 39F4CFDD1A6BBC0200ACFECF;
					};
				};
			};
			buildConfigurationList = 39F4CFD91A6BBC0200ACFECF /* Build configuration list for PBXProject "ParkenDD" */;
			compatibilityVersion = "Xcode 3.2";
			developmentRegion = English;
			hasScannedForEncodings = 0;
			knownRegions = (
				en,
				Base,
				de,
			);
			mainGroup = 39F4CFD51A6BBC0200ACFECF;
			productRefGroup = 39F4CFDF1A6BBC0200ACFECF /* Products */;
			projectDirPath = "";
			projectRoot = "";
			targets = (
				39F4CFDD1A6BBC0200ACFECF /* ParkenDD */,
				39F4CFF21A6BBC0200ACFECF /* ParkenDDTests */,
				39B9534F1AA0A59600026EC2 /* ParkenDDWidget */,
			);
		};
/* End PBXProject section */

/* Begin PBXResourcesBuildPhase section */
		39B9534E1AA0A59600026EC2 /* Resources */ = {
			isa = PBXResourcesBuildPhase;
			buildActionMask = 2147483647;
			files = (
				39B9535A1AA0A59600026EC2 /* MainInterface.storyboard in Resources */,
			);
			runOnlyForDeploymentPostprocessing = 0;
		};
		39F4CFDC1A6BBC0200ACFECF /* Resources */ = {
			isa = PBXResourcesBuildPhase;
			buildActionMask = 2147483647;
			files = (
				397D7B1D1A9A2236001B5874 /* Localizable.strings in Resources */,
				3977CA251A9CC78C00E20014 /* InfoPlist.strings in Resources */,
				39B037541A94DD4500C5A273 /* Settings.bundle in Resources */,
				39F4CFE91A6BBC0200ACFECF /* Main.storyboard in Resources */,
				39F4CFEE1A6BBC0200ACFECF /* LaunchScreen.xib in Resources */,
				39F4CFEB1A6BBC0200ACFECF /* Images.xcassets in Resources */,
			);
			runOnlyForDeploymentPostprocessing = 0;
		};
		39F4CFF11A6BBC0200ACFECF /* Resources */ = {
			isa = PBXResourcesBuildPhase;
			buildActionMask = 2147483647;
			files = (
			);
			runOnlyForDeploymentPostprocessing = 0;
		};
/* End PBXResourcesBuildPhase section */

/* Begin PBXSourcesBuildPhase section */
		39B9534C1AA0A59600026EC2 /* Sources */ = {
			isa = PBXSourcesBuildPhase;
			buildActionMask = 2147483647;
			files = (
				39B953581AA0A59600026EC2 /* TodayViewController.swift in Sources */,
			);
			runOnlyForDeploymentPostprocessing = 0;
		};
		39F4CFDA1A6BBC0200ACFECF /* Sources */ = {
			isa = PBXSourcesBuildPhase;
			buildActionMask = 2147483647;
			files = (
				392E9B471A6D3143006C6869 /* ParkinglotTableViewCell.swift in Sources */,
				393F0D3A1A97BDBB00B25B74 /* ServerController.swift in Sources */,
				39F4CFE61A6BBC0200ACFECF /* ViewController.swift in Sources */,
				39F4CFE41A6BBC0200ACFECF /* AppDelegate.swift in Sources */,
				397B92091A9BCE0A000D42CE /* ParkinglotData.swift in Sources */,
				3926FED11AACB335005B2DF9 /* StaticData.swift in Sources */,
				39B037521A94C73E00C5A273 /* AboutViewController.swift in Sources */,
				393F0D381A9737AF00B25B74 /* Parkinglot.swift in Sources */,
				39B037501A949CD600C5A273 /* MapViewController.swift in Sources */,
				3926FECD1AAC47AA005B2DF9 /* Constants.swift in Sources */,
			);
			runOnlyForDeploymentPostprocessing = 0;
		};
		39F4CFEF1A6BBC0200ACFECF /* Sources */ = {
			isa = PBXSourcesBuildPhase;
			buildActionMask = 2147483647;
			files = (
				39F4CFFA1A6BBC0200ACFECF /* ParkenDDTests.swift in Sources */,
			);
			runOnlyForDeploymentPostprocessing = 0;
		};
/* End PBXSourcesBuildPhase section */

/* Begin PBXTargetDependency section */
		39B9535C1AA0A59600026EC2 /* PBXTargetDependency */ = {
			isa = PBXTargetDependency;
			target = 39B9534F1AA0A59600026EC2 /* ParkenDDWidget */;
			targetProxy = 39B9535B1AA0A59600026EC2 /* PBXContainerItemProxy */;
		};
		39F4CFF51A6BBC0200ACFECF /* PBXTargetDependency */ = {
			isa = PBXTargetDependency;
			target = 39F4CFDD1A6BBC0200ACFECF /* ParkenDD */;
			targetProxy = 39F4CFF41A6BBC0200ACFECF /* PBXContainerItemProxy */;
		};
/* End PBXTargetDependency section */

/* Begin PBXVariantGroup section */
		3977CA271A9CC78C00E20014 /* InfoPlist.strings */ = {
			isa = PBXVariantGroup;
			children = (
				3977CA261A9CC78C00E20014 /* Base */,
				3977CA281A9CC78E00E20014 /* de */,
			);
			name = InfoPlist.strings;
			sourceTree = "<group>";
		};
		397D7B1F1A9A2236001B5874 /* Localizable.strings */ = {
			isa = PBXVariantGroup;
			children = (
				397D7B1E1A9A2236001B5874 /* Base */,
				397D7B201A9A223A001B5874 /* de */,
			);
			name = Localizable.strings;
			sourceTree = "<group>";
		};
		39F4CFE71A6BBC0200ACFECF /* Main.storyboard */ = {
			isa = PBXVariantGroup;
			children = (
				39F4CFE81A6BBC0200ACFECF /* Base */,
				391F71961A9CD45B00E72DDD /* de */,
			);
			name = Main.storyboard;
			sourceTree = "<group>";
		};
		39F4CFEC1A6BBC0200ACFECF /* LaunchScreen.xib */ = {
			isa = PBXVariantGroup;
			children = (
				39F4CFED1A6BBC0200ACFECF /* Base */,
				397D7B1A1A9A203E001B5874 /* de */,
			);
			name = LaunchScreen.xib;
			sourceTree = "<group>";
		};
/* End PBXVariantGroup section */

/* Begin XCBuildConfiguration section */
		39B9535E1AA0A59600026EC2 /* Debug */ = {
			isa = XCBuildConfiguration;
			buildSettings = {
				CODE_SIGN_IDENTITY = "iPhone Developer";
				"CODE_SIGN_IDENTITY[sdk=iphoneos*]" = "iPhone Developer";
				DEBUG_INFORMATION_FORMAT = dwarf;
				GCC_PREPROCESSOR_DEFINITIONS = (
					"DEBUG=1",
					"$(inherited)",
				);
				INFOPLIST_FILE = ParkenDDWidget/Info.plist;
				IPHONEOS_DEPLOYMENT_TARGET = 8.3;
				LD_RUNPATH_SEARCH_PATHS = "$(inherited) @executable_path/Frameworks @executable_path/../../Frameworks";
				PRODUCT_NAME = "$(TARGET_NAME)";
				SKIP_INSTALL = YES;
			};
			name = Debug;
		};
		39B9535F1AA0A59600026EC2 /* Release */ = {
			isa = XCBuildConfiguration;
			buildSettings = {
				CODE_SIGN_IDENTITY = "iPhone Distribution";
				"CODE_SIGN_IDENTITY[sdk=iphoneos*]" = "iPhone Distribution";
				COPY_PHASE_STRIP = NO;
				DEBUG_INFORMATION_FORMAT = "dwarf-with-dsym";
				INFOPLIST_FILE = ParkenDDWidget/Info.plist;
				IPHONEOS_DEPLOYMENT_TARGET = 8.3;
				LD_RUNPATH_SEARCH_PATHS = "$(inherited) @executable_path/Frameworks @executable_path/../../Frameworks";
				PRODUCT_NAME = "$(TARGET_NAME)";
				SKIP_INSTALL = YES;
			};
			name = Release;
		};
		39F4CFFB1A6BBC0200ACFECF /* Debug */ = {
			isa = XCBuildConfiguration;
			buildSettings = {
				ALWAYS_SEARCH_USER_PATHS = NO;
				CLANG_CXX_LANGUAGE_STANDARD = "gnu++0x";
				CLANG_CXX_LIBRARY = "libc++";
				CLANG_ENABLE_MODULES = YES;
				CLANG_ENABLE_OBJC_ARC = YES;
				CLANG_WARN_BOOL_CONVERSION = YES;
				CLANG_WARN_CONSTANT_CONVERSION = YES;
				CLANG_WARN_DIRECT_OBJC_ISA_USAGE = YES_ERROR;
				CLANG_WARN_EMPTY_BODY = YES;
				CLANG_WARN_ENUM_CONVERSION = YES;
				CLANG_WARN_INT_CONVERSION = YES;
				CLANG_WARN_OBJC_ROOT_CLASS = YES_ERROR;
				CLANG_WARN_UNREACHABLE_CODE = YES;
				CLANG_WARN__DUPLICATE_METHOD_MATCH = YES;
				"CODE_SIGN_IDENTITY[sdk=iphoneos*]" = "iPhone Developer";
				COPY_PHASE_STRIP = NO;
				ENABLE_STRICT_OBJC_MSGSEND = YES;
				GCC_C_LANGUAGE_STANDARD = gnu99;
				GCC_DYNAMIC_NO_PIC = NO;
				GCC_OPTIMIZATION_LEVEL = 0;
				GCC_PREPROCESSOR_DEFINITIONS = (
					"DEBUG=1",
					"$(inherited)",
				);
				GCC_SYMBOLS_PRIVATE_EXTERN = NO;
				GCC_WARN_64_TO_32_BIT_CONVERSION = YES;
				GCC_WARN_ABOUT_RETURN_TYPE = YES_ERROR;
				GCC_WARN_UNDECLARED_SELECTOR = YES;
				GCC_WARN_UNINITIALIZED_AUTOS = YES_AGGRESSIVE;
				GCC_WARN_UNUSED_FUNCTION = YES;
				GCC_WARN_UNUSED_VARIABLE = YES;
				IPHONEOS_DEPLOYMENT_TARGET = 8.1;
				MTL_ENABLE_DEBUG_INFO = YES;
				ONLY_ACTIVE_ARCH = YES;
				PROVISIONING_PROFILE = "e4a7a7b4-561b-4092-9005-8d2c91492d9c";
				SDKROOT = iphoneos;
				SWIFT_OPTIMIZATION_LEVEL = "-Onone";
			};
			name = Debug;
		};
		39F4CFFC1A6BBC0200ACFECF /* Release */ = {
			isa = XCBuildConfiguration;
			buildSettings = {
				ALWAYS_SEARCH_USER_PATHS = NO;
				CLANG_CXX_LANGUAGE_STANDARD = "gnu++0x";
				CLANG_CXX_LIBRARY = "libc++";
				CLANG_ENABLE_MODULES = YES;
				CLANG_ENABLE_OBJC_ARC = YES;
				CLANG_WARN_BOOL_CONVERSION = YES;
				CLANG_WARN_CONSTANT_CONVERSION = YES;
				CLANG_WARN_DIRECT_OBJC_ISA_USAGE = YES_ERROR;
				CLANG_WARN_EMPTY_BODY = YES;
				CLANG_WARN_ENUM_CONVERSION = YES;
				CLANG_WARN_INT_CONVERSION = YES;
				CLANG_WARN_OBJC_ROOT_CLASS = YES_ERROR;
				CLANG_WARN_UNREACHABLE_CODE = YES;
				CLANG_WARN__DUPLICATE_METHOD_MATCH = YES;
				CODE_SIGN_IDENTITY = "iPhone Distribution";
				"CODE_SIGN_IDENTITY[sdk=iphoneos*]" = "iPhone Distribution";
				COPY_PHASE_STRIP = YES;
				ENABLE_NS_ASSERTIONS = NO;
				ENABLE_STRICT_OBJC_MSGSEND = YES;
				GCC_C_LANGUAGE_STANDARD = gnu99;
				GCC_WARN_64_TO_32_BIT_CONVERSION = YES;
				GCC_WARN_ABOUT_RETURN_TYPE = YES_ERROR;
				GCC_WARN_UNDECLARED_SELECTOR = YES;
				GCC_WARN_UNINITIALIZED_AUTOS = YES_AGGRESSIVE;
				GCC_WARN_UNUSED_FUNCTION = YES;
				GCC_WARN_UNUSED_VARIABLE = YES;
				IPHONEOS_DEPLOYMENT_TARGET = 8.1;
				MTL_ENABLE_DEBUG_INFO = NO;
				PROVISIONING_PROFILE = "e4a7a7b4-561b-4092-9005-8d2c91492d9c";
				SDKROOT = iphoneos;
				VALIDATE_PRODUCT = YES;
			};
			name = Release;
		};
		39F4CFFE1A6BBC0200ACFECF /* Debug */ = {
			isa = XCBuildConfiguration;
			buildSettings = {
				ASSETCATALOG_COMPILER_APPICON_NAME = AppIcon;
				CODE_SIGN_IDENTITY = "iPhone Developer";
				"CODE_SIGN_IDENTITY[sdk=iphoneos*]" = "iPhone Developer";
				EMBEDDED_CONTENT_CONTAINS_SWIFT = YES;
				INFOPLIST_FILE = ParkenDD/Info.plist;
				LD_RUNPATH_SEARCH_PATHS = "$(inherited) @executable_path/Frameworks";
				PRODUCT_NAME = "$(TARGET_NAME)";
				PROVISIONING_PROFILE = "e4a7a7b4-561b-4092-9005-8d2c91492d9c";
			};
			name = Debug;
		};
		39F4CFFF1A6BBC0200ACFECF /* Release */ = {
			isa = XCBuildConfiguration;
			buildSettings = {
				ASSETCATALOG_COMPILER_APPICON_NAME = AppIcon;
				CODE_SIGN_IDENTITY = "iPhone Distribution";
				"CODE_SIGN_IDENTITY[sdk=iphoneos*]" = "iPhone Distribution";
				EMBEDDED_CONTENT_CONTAINS_SWIFT = YES;
				INFOPLIST_FILE = ParkenDD/Info.plist;
				LD_RUNPATH_SEARCH_PATHS = "$(inherited) @executable_path/Frameworks";
				PRODUCT_NAME = "$(TARGET_NAME)";
				PROVISIONING_PROFILE = "e4a7a7b4-561b-4092-9005-8d2c91492d9c";
			};
			name = Release;
		};
		39F4D0011A6BBC0200ACFECF /* Debug */ = {
			isa = XCBuildConfiguration;
			buildSettings = {
				BUNDLE_LOADER = "$(TEST_HOST)";
				CODE_SIGN_IDENTITY = "iPhone Developer";
				"CODE_SIGN_IDENTITY[sdk=iphoneos*]" = "iPhone Developer";
				FRAMEWORK_SEARCH_PATHS = (
					"$(SDKROOT)/Developer/Library/Frameworks",
					"$(inherited)",
				);
				GCC_PREPROCESSOR_DEFINITIONS = (
					"DEBUG=1",
					"$(inherited)",
				);
				INFOPLIST_FILE = ParkenDDTests/Info.plist;
				LD_RUNPATH_SEARCH_PATHS = "$(inherited) @executable_path/Frameworks @loader_path/Frameworks";
				PRODUCT_NAME = "$(TARGET_NAME)";
				PROVISIONING_PROFILE = "";
				TEST_HOST = "$(BUILT_PRODUCTS_DIR)/ParkenDD.app/ParkenDD";
			};
			name = Debug;
		};
		39F4D0021A6BBC0200ACFECF /* Release */ = {
			isa = XCBuildConfiguration;
			buildSettings = {
				BUNDLE_LOADER = "$(TEST_HOST)";
				CODE_SIGN_IDENTITY = "iPhone Developer";
				"CODE_SIGN_IDENTITY[sdk=iphoneos*]" = "iPhone Developer";
				FRAMEWORK_SEARCH_PATHS = (
					"$(SDKROOT)/Developer/Library/Frameworks",
					"$(inherited)",
				);
				INFOPLIST_FILE = ParkenDDTests/Info.plist;
				LD_RUNPATH_SEARCH_PATHS = "$(inherited) @executable_path/Frameworks @loader_path/Frameworks";
				PRODUCT_NAME = "$(TARGET_NAME)";
				PROVISIONING_PROFILE = "";
				TEST_HOST = "$(BUILT_PRODUCTS_DIR)/ParkenDD.app/ParkenDD";
			};
			name = Release;
		};
/* End XCBuildConfiguration section */

/* Begin XCConfigurationList section */
		39B953601AA0A59600026EC2 /* Build configuration list for PBXNativeTarget "ParkenDDWidget" */ = {
			isa = XCConfigurationList;
			buildConfigurations = (
				39B9535E1AA0A59600026EC2 /* Debug */,
				39B9535F1AA0A59600026EC2 /* Release */,
			);
			defaultConfigurationIsVisible = 0;
			defaultConfigurationName = Release;
		};
		39F4CFD91A6BBC0200ACFECF /* Build configuration list for PBXProject "ParkenDD" */ = {
			isa = XCConfigurationList;
			buildConfigurations = (
				39F4CFFB1A6BBC0200ACFECF /* Debug */,
				39F4CFFC1A6BBC0200ACFECF /* Release */,
			);
			defaultConfigurationIsVisible = 0;
			defaultConfigurationName = Release;
		};
		39F4CFFD1A6BBC0200ACFECF /* Build configuration list for PBXNativeTarget "ParkenDD" */ = {
			isa = XCConfigurationList;
			buildConfigurations = (
				39F4CFFE1A6BBC0200ACFECF /* Debug */,
				39F4CFFF1A6BBC0200ACFECF /* Release */,
			);
			defaultConfigurationIsVisible = 0;
			defaultConfigurationName = Release;
		};
		39F4D0001A6BBC0200ACFECF /* Build configuration list for PBXNativeTarget "ParkenDDTests" */ = {
			isa = XCConfigurationList;
			buildConfigurations = (
				39F4D0011A6BBC0200ACFECF /* Debug */,
				39F4D0021A6BBC0200ACFECF /* Release */,
			);
			defaultConfigurationIsVisible = 0;
			defaultConfigurationName = Release;
		};
/* End XCConfigurationList section */
	};
	rootObject = 39F4CFD61A6BBC0200ACFECF /* Project object */;
}
