// !$*UTF8*$!
{
	archiveVersion = 1;
	classes = {
	};
	objectVersion = 46;
	objects = {

/* Begin PBXBuildFile section */
		3904EE051B55C61700B2933B = {
			isa = PBXBuildFile;
			fileRef = 3904EE041B55C61700B2933B;
		};
		3904EEE11AE1A3D80080EE81 = {
			isa = PBXBuildFile;
			fileRef = 3904EEE31AE1A3D80080EE81;
		};
		39196E941AE562F8003CBB50 = {
			isa = PBXBuildFile;
			fileRef = 393F0D371A9737AF00B25B74;
		};
		3926FECD1AAC47AA005B2DF9 = {
			isa = PBXBuildFile;
			fileRef = 3926FECC1AAC47AA005B2DF9;
		};
		392E9B471A6D3143006C6869 = {
			isa = PBXBuildFile;
			fileRef = 392E9B461A6D3143006C6869;
		};
		39392ECE1B72BDE900C3EDA4 = {
			isa = PBXBuildFile;
			fileRef = 39392ECD1B72BDE900C3EDA4;
		};
		393E8B171B440F12003D9D55 = {
			isa = PBXBuildFile;
			fileRef = 393E8B161B440F12003D9D55;
		};
		393F0D381A9737AF00B25B74 = {
			isa = PBXBuildFile;
			fileRef = 393F0D371A9737AF00B25B74;
		};
		393F0D3A1A97BDBB00B25B74 = {
			isa = PBXBuildFile;
			fileRef = 393F0D391A97BDBB00B25B74;
		};
		394209B41AADB17600E47539 = {
			isa = PBXBuildFile;
			fileRef = 394209B31AADB17600E47539;
		};
		3946D82D1AD309EB00CB4C41 = {
			isa = PBXBuildFile;
			fileRef = 3946D82C1AD309EB00CB4C41;
		};
		3963A6F11AD47A750026DC51 = {
			isa = PBXBuildFile;
			fileRef = 3963A6F01AD47A750026DC51;
		};
		3966421E1BB2037100DF2E99 = {
			isa = PBXBuildFile;
			fileRef = 3966421D1BB2037100DF2E99;
			settings = {
				ASSET_TAGS = (
				);
			};
		};
		396642201BB203DC00DF2E99 = {
			isa = PBXBuildFile;
			fileRef = 3966421F1BB203DC00DF2E99;
			settings = {
				ASSET_TAGS = (
				);
			};
		};
		3977CA251A9CC78C00E20014 = {
			isa = PBXBuildFile;
			fileRef = 3977CA271A9CC78C00E20014;
		};
		397D7B1D1A9A2236001B5874 = {
			isa = PBXBuildFile;
			fileRef = 397D7B1F1A9A2236001B5874;
		};
		399CEE261BB0BB3F005FBA28 = {
			isa = PBXBuildFile;
			fileRef = 399CEE251BB0BB3F005FBA28;
			settings = {
				ASSET_TAGS = (
				);
			};
		};
		39B037521A94C73E00C5A273 = {
			isa = PBXBuildFile;
			fileRef = 39B037511A94C73E00C5A273;
		};
		39D529061B42C1D60094BF84 = {
			isa = PBXBuildFile;
			fileRef = 39D529051B42C1D60094BF84;
		};
		39F16F7E1AB82899006C2CF0 = {
			isa = PBXBuildFile;
			fileRef = 39F16F7D1AB82899006C2CF0;
		};
		39F4BD421B1B686500900967 = {
			isa = PBXBuildFile;
			fileRef = 39F4BD401B1B686500900967;
		};
		39F4BD431B1B686500900967 = {
			isa = PBXBuildFile;
			fileRef = 39F4BD411B1B686500900967;
		};
		39F4CFE41A6BBC0200ACFECF = {
			isa = PBXBuildFile;
			fileRef = 39F4CFE31A6BBC0200ACFECF;
		};
		39F4CFE61A6BBC0200ACFECF = {
			isa = PBXBuildFile;
			fileRef = 39F4CFE51A6BBC0200ACFECF;
		};
		39F4CFE91A6BBC0200ACFECF = {
			isa = PBXBuildFile;
			fileRef = 39F4CFE71A6BBC0200ACFECF;
		};
		39F4CFEB1A6BBC0200ACFECF = {
			isa = PBXBuildFile;
			fileRef = 39F4CFEA1A6BBC0200ACFECF;
		};
		39F4CFEE1A6BBC0200ACFECF = {
			isa = PBXBuildFile;
			fileRef = 39F4CFEC1A6BBC0200ACFECF;
		};
		39F4CFFA1A6BBC0200ACFECF = {
			isa = PBXBuildFile;
			fileRef = 39F4CFF91A6BBC0200ACFECF;
		};
		39F5CBAE1AC9F9FE00A91879 = {
			isa = PBXBuildFile;
			fileRef = 39F5CBAD1AC9F9FE00A91879;
		};
		39F5CBB31AC9FC2F00A91879 = {
			isa = PBXBuildFile;
			fileRef = 39F5CBB21AC9FC2F00A91879;
		};
		D1EABDD7F03AE773BB7B1EBE = {
			isa = PBXBuildFile;
			fileRef = D53AC0AE0930F88C064CC653;
			settings = {
				ATTRIBUTES = (
					Weak,
				);
			};
		};
/* End PBXBuildFile section */

/* Begin PBXContainerItemProxy section */
		39F4CFF41A6BBC0200ACFECF = {
			isa = PBXContainerItemProxy;
			containerPortal = 39F4CFD61A6BBC0200ACFECF;
			proxyType = 1;
			remoteGlobalIDString = 39F4CFDD1A6BBC0200ACFECF;
			remoteInfo = ParkenDD;
		};
/* End PBXContainerItemProxy section */

/* Begin PBXCopyFilesBuildPhase section */
		390CD0581AEE6602003EB8F4 = {
			isa = PBXCopyFilesBuildPhase;
			buildActionMask = 2147483647;
			dstPath = "";
			dstSubfolderSpec = 13;
			files = (
			);
			name = "Embed App Extensions";
			runOnlyForDeploymentPostprocessing = 0;
		};
/* End PBXCopyFilesBuildPhase section */

/* Begin PBXFileReference section */
		3904EE041B55C61700B2933B = {
			isa = PBXFileReference;
			fileEncoding = 4;
			lastKnownFileType = file.storyboard;
			path = Settings.storyboard;
			sourceTree = "<group>";
		};
		3904EEE21AE1A3D80080EE81 = {
			isa = PBXFileReference;
			lastKnownFileType = text.html;
			name = Base;
			path = Base.lproj/abouttext.html;
			sourceTree = "<group>";
		};
		3904EEE41AE1A3DB0080EE81 = {
			isa = PBXFileReference;
			lastKnownFileType = text.html;
			name = de;
			path = de.lproj/abouttext.html;
			sourceTree = "<group>";
		};
		3926FECC1AAC47AA005B2DF9 = {
			isa = PBXFileReference;
			fileEncoding = 4;
			lastKnownFileType = sourcecode.swift;
			path = Constants.swift;
			sourceTree = "<group>";
		};
		392E9B461A6D3143006C6869 = {
			isa = PBXFileReference;
			fileEncoding = 4;
			lastKnownFileType = sourcecode.swift;
			path = ParkinglotTableViewCell.swift;
			sourceTree = "<group>";
		};
		393407361AF916B60002EDD3 = {
			isa = PBXFileReference;
			lastKnownFileType = text.plist.strings;
			name = pl;
			path = pl.lproj/Localizable.strings;
			sourceTree = "<group>";
		};
		393407371AF9171C0002EDD3 = {
			isa = PBXFileReference;
			lastKnownFileType = text.plist.strings;
			name = pl;
			path = pl.lproj/InfoPlist.strings;
			sourceTree = "<group>";
		};
		39392ECD1B72BDE900C3EDA4 = {
			isa = PBXFileReference;
			lastKnownFileType = wrapper.framework;
			name = SwiftyDrop.framework;
			path = Carthage/Build/iOS/SwiftyDrop.framework;
			sourceTree = "<group>";
		};
		393E8B161B440F12003D9D55 = {
			isa = PBXFileReference;
			fileEncoding = 4;
			lastKnownFileType = sourcecode.swift;
			path = TimestampCell.swift;
			sourceTree = "<group>";
		};
		393F0D371A9737AF00B25B74 = {
			isa = PBXFileReference;
			fileEncoding = 4;
			lastKnownFileType = sourcecode.swift;
			path = Parkinglot.swift;
			sourceTree = "<group>";
		};
		393F0D391A97BDBB00B25B74 = {
			isa = PBXFileReference;
			fileEncoding = 4;
			lastKnownFileType = sourcecode.swift;
			path = ServerController.swift;
			sourceTree = "<group>";
		};
		394209B31AADB17600E47539 = {
			isa = PBXFileReference;
			fileEncoding = 4;
			lastKnownFileType = sourcecode.swift;
			path = MapViewController.swift;
			sourceTree = "<group>";
		};
		3946D82C1AD309EB00CB4C41 = {
			isa = PBXFileReference;
			fileEncoding = 4;
			lastKnownFileType = sourcecode.swift;
			path = Colors.swift;
			sourceTree = "<group>";
		};
		3963A6F01AD47A750026DC51 = {
			isa = PBXFileReference;
			fileEncoding = 4;
			lastKnownFileType = text;
			path = forecast.csv;
			sourceTree = "<group>";
		};
		3966421D1BB2037100DF2E99 = {
			isa = PBXFileReference;
			fileEncoding = 4;
			lastKnownFileType = text.script.ruby;
			path = generateLoc.rb;
			sourceTree = "<group>";
		};
		3966421F1BB203DC00DF2E99 = {
			isa = PBXFileReference;
			fileEncoding = 4;
			lastKnownFileType = sourcecode.swift;
			path = Loc.swift;
			sourceTree = "<group>";
		};
		3977CA261A9CC78C00E20014 = {
			isa = PBXFileReference;
			lastKnownFileType = text.plist.strings;
			name = Base;
			path = Base.lproj/InfoPlist.strings;
			sourceTree = "<group>";
		};
		3977CA281A9CC78E00E20014 = {
			isa = PBXFileReference;
			lastKnownFileType = text.plist.strings;
			name = de;
			path = de.lproj/InfoPlist.strings;
			sourceTree = "<group>";
		};
		397D7B1E1A9A2236001B5874 = {
			isa = PBXFileReference;
			lastKnownFileType = text.plist.strings;
			name = Base;
			path = Base.lproj/Localizable.strings;
			sourceTree = "<group>";
		};
		397D7B201A9A223A001B5874 = {
			isa = PBXFileReference;
			lastKnownFileType = text.plist.strings;
			name = de;
			path = de.lproj/Localizable.strings;
			sourceTree = "<group>";
		};
		399CEE251BB0BB3F005FBA28 = {
			isa = PBXFileReference;
			fileEncoding = 4;
			lastKnownFileType = sourcecode.swift;
			path = "Dictionary+MapFilter.swift";
			sourceTree = "<group>";
		};
		39B037511A94C73E00C5A273 = {
			isa = PBXFileReference;
			fileEncoding = 4;
			lastKnownFileType = sourcecode.swift;
			path = AboutViewController.swift;
			sourceTree = "<group>";
		};
		39B953521AA0A59600026EC2 = {
			isa = PBXFileReference;
			lastKnownFileType = wrapper.framework;
			name = NotificationCenter.framework;
			path = System/Library/Frameworks/NotificationCenter.framework;
			sourceTree = SDKROOT;
		};
		39BE3FCC1AD3402B009A8B74 = {
			isa = PBXFileReference;
			lastKnownFileType = sourcecode.c.h;
			path = "ParkenDD-Bridging-Header.h";
			sourceTree = "<group>";
		};
		39D529051B42C1D60094BF84 = {
			isa = PBXFileReference;
			fileEncoding = 4;
			lastKnownFileType = sourcecode.swift;
			path = CitySelectionTVC.swift;
			sourceTree = "<group>";
		};
		39F16F7D1AB82899006C2CF0 = {
			isa = PBXFileReference;
			fileEncoding = 4;
			lastKnownFileType = sourcecode.swift;
			path = SettingsViewController.swift;
			sourceTree = "<group>";
		};
		39F4BD401B1B686500900967 = {
			isa = PBXFileReference;
			lastKnownFileType = wrapper.framework;
			path = Fabric.framework;
			sourceTree = "<group>";
		};
		39F4BD411B1B686500900967 = {
			isa = PBXFileReference;
			lastKnownFileType = wrapper.framework;
			path = Crashlytics.framework;
			sourceTree = "<group>";
		};
		39F4CFDE1A6BBC0200ACFECF = {
			isa = PBXFileReference;
			explicitFileType = wrapper.application;
			includeInIndex = 0;
			path = ParkenDD.app;
			sourceTree = BUILT_PRODUCTS_DIR;
		};
		39F4CFE21A6BBC0200ACFECF = {
			isa = PBXFileReference;
			lastKnownFileType = text.plist.xml;
			path = Info.plist;
			sourceTree = "<group>";
		};
		39F4CFE31A6BBC0200ACFECF = {
			isa = PBXFileReference;
			lastKnownFileType = sourcecode.swift;
			path = AppDelegate.swift;
			sourceTree = "<group>";
		};
		39F4CFE51A6BBC0200ACFECF = {
			isa = PBXFileReference;
			lastKnownFileType = sourcecode.swift;
			path = LotlistViewController.swift;
			sourceTree = "<group>";
			wrapsLines = 1;
		};
		39F4CFE81A6BBC0200ACFECF = {
			isa = PBXFileReference;
			lastKnownFileType = file.storyboard;
			name = Base;
			path = Base.lproj/Main.storyboard;
			sourceTree = "<group>";
		};
		39F4CFEA1A6BBC0200ACFECF = {
			isa = PBXFileReference;
			lastKnownFileType = folder.assetcatalog;
			path = Images.xcassets;
			sourceTree = "<group>";
		};
		39F4CFED1A6BBC0200ACFECF = {
			isa = PBXFileReference;
			lastKnownFileType = file.xib;
			name = Base;
			path = Base.lproj/LaunchScreen.xib;
			sourceTree = "<group>";
		};
		39F4CFF31A6BBC0200ACFECF = {
			isa = PBXFileReference;
			explicitFileType = wrapper.cfbundle;
			includeInIndex = 0;
			path = ParkenDDTests.xctest;
			sourceTree = BUILT_PRODUCTS_DIR;
		};
		39F4CFF81A6BBC0200ACFECF = {
			isa = PBXFileReference;
			lastKnownFileType = text.plist.xml;
			path = Info.plist;
			sourceTree = "<group>";
		};
		39F4CFF91A6BBC0200ACFECF = {
			isa = PBXFileReference;
			lastKnownFileType = sourcecode.swift;
			path = ParkenDDTests.swift;
			sourceTree = "<group>";
		};
		39F5CBAD1AC9F9FE00A91879 = {
			isa = PBXFileReference;
			fileEncoding = 4;
			lastKnownFileType = sourcecode.swift;
			path = PrognosisViewController.swift;
			sourceTree = "<group>";
			usesTabs = 1;
		};
		39F5CBB21AC9FC2F00A91879 = {
			isa = PBXFileReference;
			fileEncoding = 4;
			lastKnownFileType = sourcecode.swift;
			path = CSV.swift;
			sourceTree = "<group>";
		};
		43FD77E864836590DC337765 = {
			isa = PBXFileReference;
			includeInIndex = 1;
			lastKnownFileType = text.xcconfig;
			name = Pods.debug.xcconfig;
			path = "Pods/Target Support Files/Pods/Pods.debug.xcconfig";
			sourceTree = "<group>";
		};
		651121194DE5DC2C75F9DC65 = {
			isa = PBXFileReference;
			includeInIndex = 1;
			lastKnownFileType = text.xcconfig;
			name = Pods.release.xcconfig;
			path = "Pods/Target Support Files/Pods/Pods.release.xcconfig";
			sourceTree = "<group>";
		};
		D53AC0AE0930F88C064CC653 = {
			isa = PBXFileReference;
			explicitFileType = wrapper.framework;
			includeInIndex = 0;
			path = Pods.framework;
			sourceTree = BUILT_PRODUCTS_DIR;
		};
/* End PBXFileReference section */

/* Begin PBXFrameworksBuildPhase section */
		39F4CFDB1A6BBC0200ACFECF = {
			isa = PBXFrameworksBuildPhase;
			buildActionMask = 2147483647;
			files = (
				D1EABDD7F03AE773BB7B1EBE,
				39F4BD431B1B686500900967,
				39F4BD421B1B686500900967,
				39392ECE1B72BDE900C3EDA4,
			);
			runOnlyForDeploymentPostprocessing = 0;
		};
		39F4CFF01A6BBC0200ACFECF = {
			isa = PBXFrameworksBuildPhase;
			buildActionMask = 2147483647;
			files = (
			);
			runOnlyForDeploymentPostprocessing = 0;
		};
/* End PBXFrameworksBuildPhase section */

/* Begin PBXGroup section */
		394209B21AADB15900E47539 = {
			isa = PBXGroup;
			children = (
				394209B31AADB17600E47539,
			);
			name = MapView;
			path = MapView;
			sourceTree = "<group>";
		};
		399C340C1AACCFEA00A2C124 = {
			isa = PBXGroup;
			children = (
				39F4CFE51A6BBC0200ACFECF,
				392E9B461A6D3143006C6869,
				393E8B161B440F12003D9D55,
			);
			name = LotlistView;
			path = LotlistView;
			sourceTree = "<group>";
		};
		399C340D1AACD05400A2C124 = {
			isa = PBXGroup;
			children = (
				393F0D371A9737AF00B25B74,
			);
			name = ParkinglotData;
			path = ParkinglotData;
			sourceTree = "<group>";
		};
		399CEE241BB0BB2C005FBA28 = {
			isa = PBXGroup;
			children = (
				399CEE251BB0BB3F005FBA28,
			);
			name = Extensions;
			path = Extensions;
			sourceTree = "<group>";
		};
		39B953511AA0A59600026EC2 = {
			isa = PBXGroup;
			children = (
				39392ECD1B72BDE900C3EDA4,
				39F4BD401B1B686500900967,
				39F4BD411B1B686500900967,
				39B953521AA0A59600026EC2,
				D53AC0AE0930F88C064CC653,
			);
			name = Frameworks;
			sourceTree = "<group>";
		};
		39F16F801AB828E4006C2CF0 = {
			isa = PBXGroup;
			children = (
				39D529051B42C1D60094BF84,
				3904EE041B55C61700B2933B,
				39F16F7D1AB82899006C2CF0,
			);
			name = SettingsView;
			path = SettingsView;
			sourceTree = "<group>";
		};
		39F16F831AB8EF89006C2CF0 = {
			isa = PBXGroup;
			children = (
				39B037511A94C73E00C5A273,
				3904EEE31AE1A3D80080EE81,
			);
			name = AboutView;
			path = AboutView;
			sourceTree = "<group>";
		};
		39F4CFD51A6BBC0200ACFECF = {
			isa = PBXGroup;
			children = (
				39B953511AA0A59600026EC2,
				39F4CFE01A6BBC0200ACFECF,
				39F4CFF61A6BBC0200ACFECF,
				C81E18E5B8E91764A9D40C01,
				39F4CFDF1A6BBC0200ACFECF,
			);
			sourceTree = "<group>";
		};
		39F4CFDF1A6BBC0200ACFECF = {
			isa = PBXGroup;
			children = (
				39F4CFDE1A6BBC0200ACFECF,
				39F4CFF31A6BBC0200ACFECF,
			);
			name = Products;
			sourceTree = "<group>";
		};
		39F4CFE01A6BBC0200ACFECF = {
			isa = PBXGroup;
			children = (
				39F16F831AB8EF89006C2CF0,
				399CEE241BB0BB2C005FBA28,
				399C340C1AACCFEA00A2C124,
				394209B21AADB15900E47539,
				399C340D1AACD05400A2C124,
				39F5CBAF1AC9FA0300A91879,
				39F16F801AB828E4006C2CF0,
				39F4CFE11A6BBC0200ACFECF,
				39F4CFE31A6BBC0200ACFECF,
				3946D82C1AD309EB00CB4C41,
				3926FECC1AAC47AA005B2DF9,
				39F4CFEA1A6BBC0200ACFECF,
				39F4CFE71A6BBC0200ACFECF,
				39BE3FCC1AD3402B009A8B74,
				393F0D391A97BDBB00B25B74,
			);
			path = ParkenDD;
			sourceTree = "<group>";
		};
		39F4CFE11A6BBC0200ACFECF = {
			isa = PBXGroup;
			children = (
				39F4CFE21A6BBC0200ACFECF,
				3977CA271A9CC78C00E20014,
				39F4CFEC1A6BBC0200ACFECF,
				3966421F1BB203DC00DF2E99,
				397D7B1F1A9A2236001B5874,
				3966421D1BB2037100DF2E99,
			);
			name = "Supporting Files";
			path = "Supporting Files";
			sourceTree = "<group>";
		};
		39F4CFF61A6BBC0200ACFECF = {
			isa = PBXGroup;
			children = (
				39F4CFF71A6BBC0200ACFECF,
				39F4CFF91A6BBC0200ACFECF,
			);
			path = ParkenDDTests;
			sourceTree = "<group>";
		};
		39F4CFF71A6BBC0200ACFECF = {
			isa = PBXGroup;
			children = (
				39F4CFF81A6BBC0200ACFECF,
			);
			name = "Supporting Files";
			path = "Supporting Files";
			sourceTree = "<group>";
		};
		39F5CBAF1AC9FA0300A91879 = {
			isa = PBXGroup;
			children = (
				39F5CBB21AC9FC2F00A91879,
				39F5CBAD1AC9F9FE00A91879,
				3963A6F01AD47A750026DC51,
			);
			name = PrognosisView;
			path = PrognosisView;
			sourceTree = "<group>";
		};
		C81E18E5B8E91764A9D40C01 = {
			isa = PBXGroup;
			children = (
				43FD77E864836590DC337765,
				651121194DE5DC2C75F9DC65,
			);
			name = Pods;
			sourceTree = "<group>";
		};
/* End PBXGroup section */

/* Begin PBXNativeTarget section */
		39F4CFDD1A6BBC0200ACFECF = {
			isa = PBXNativeTarget;
			buildConfigurationList = 39F4CFFD1A6BBC0200ACFECF;
			buildPhases = (
				9EB46FEFD7E069C3F62E32E6,
				396642211BB203EF00DF2E99,
				39F4CFDA1A6BBC0200ACFECF,
				39F4CFDB1A6BBC0200ACFECF,
				39F4CFDC1A6BBC0200ACFECF,
				9A08A0CD4C7D135505D268B0,
				390CD0581AEE6602003EB8F4,
				D84EC747616463E1B4D22EF3,
				395CC1821B4AB62600F81721,
				39F4BD3F1B1B683A00900967,
				39392ECF1B72BE0500C3EDA4,
			);
			buildRules = (
			);
			dependencies = (
			);
			name = ParkenDD;
			productName = ParkenDD;
			productReference = 39F4CFDE1A6BBC0200ACFECF;
			productType = "com.apple.product-type.application";
		};
		39F4CFF21A6BBC0200ACFECF = {
			isa = PBXNativeTarget;
			buildConfigurationList = 39F4D0001A6BBC0200ACFECF;
			buildPhases = (
				39F4CFEF1A6BBC0200ACFECF,
				39F4CFF01A6BBC0200ACFECF,
				39F4CFF11A6BBC0200ACFECF,
			);
			buildRules = (
			);
			dependencies = (
				39F4CFF51A6BBC0200ACFECF,
			);
			name = ParkenDDTests;
			productName = ParkenDDTests;
			productReference = 39F4CFF31A6BBC0200ACFECF;
			productType = "com.apple.product-type.bundle.unit-test";
		};
/* End PBXNativeTarget section */

/* Begin PBXProject section */
		39F4CFD61A6BBC0200ACFECF = {
			isa = PBXProject;
			attributes = {
				LastSwiftMigration = 0700;
				LastSwiftUpdateCheck = 0700;
				LastUpgradeCheck = 0700;
				ORGANIZATIONNAME = "Kilian Koeltzsch";
				TargetAttributes = {
					39F4CFDD1A6BBC0200ACFECF = {
						CreatedOnToolsVersion = 6.1.1;
						DevelopmentTeam = HU85FER47E;
					};
					39F4CFF21A6BBC0200ACFECF = {
						CreatedOnToolsVersion = 6.1.1;
						DevelopmentTeam = HU85FER47E;
						TestTargetID = 39F4CFDD1A6BBC0200ACFECF;
					};
				};
			};
			buildConfigurationList = 39F4CFD91A6BBC0200ACFECF;
			compatibilityVersion = "Xcode 3.2";
			developmentRegion = English;
			hasScannedForEncodings = 0;
			knownRegions = (
				en,
				Base,
				de,
				pl,
			);
			mainGroup = 39F4CFD51A6BBC0200ACFECF;
			productRefGroup = 39F4CFDF1A6BBC0200ACFECF;
			projectDirPath = "";
			projectReferences = (
			);
			projectRoot = "";
			targets = (
				39F4CFDD1A6BBC0200ACFECF,
				39F4CFF21A6BBC0200ACFECF,
			);
		};
/* End PBXProject section */

/* Begin PBXResourcesBuildPhase section */
		39F4CFDC1A6BBC0200ACFECF = {
			isa = PBXResourcesBuildPhase;
			buildActionMask = 2147483647;
			files = (
				3904EEE11AE1A3D80080EE81,
				397D7B1D1A9A2236001B5874,
				3977CA251A9CC78C00E20014,
				39F4CFE91A6BBC0200ACFECF,
				3963A6F11AD47A750026DC51,
				3966421E1BB2037100DF2E99,
				3904EE051B55C61700B2933B,
				39F4CFEE1A6BBC0200ACFECF,
				39F4CFEB1A6BBC0200ACFECF,
			);
			runOnlyForDeploymentPostprocessing = 0;
		};
		39F4CFF11A6BBC0200ACFECF = {
			isa = PBXResourcesBuildPhase;
			buildActionMask = 2147483647;
			files = (
			);
			runOnlyForDeploymentPostprocessing = 0;
		};
/* End PBXResourcesBuildPhase section */

/* Begin PBXShellScriptBuildPhase section */
		39392ECF1B72BE0500C3EDA4 = {
			isa = PBXShellScriptBuildPhase;
			buildActionMask = 2147483647;
			files = (
			);
			inputPaths = (
				"$(SRCROOT)/Carthage/Build/iOS/SwiftyDrop.framework",
			);
			name = Carthage;
			outputPaths = (
			);
			runOnlyForDeploymentPostprocessing = 0;
			shellPath = /bin/sh;
			shellScript = "/usr/local/bin/carthage copy-frameworks";
		};
		395CC1821B4AB62600F81721 = {
			isa = PBXShellScriptBuildPhase;
			buildActionMask = 2147483647;
			files = (
			);
			inputPaths = (
			);
			name = "Highlight TODO/FIXME/ERROR";
			outputPaths = (
			);
			runOnlyForDeploymentPostprocessing = 0;
			shellPath = /bin/sh;
			shellScript = "TAGS=\"TODO:|FIXME:\"\nERRORTAG=\"ERROR:\"\nfind \"${SRCROOT}\" \\( -name \"*.h\" -or -name \"*.m\" -or -name \"*.swift\" \\) -print0 | xargs -0 egrep --with-filename --line-number --only-matching \"($TAGS).*\\$|($ERRORTAG).*\\$\" | perl -p -e \"s/($TAGS)/ warning: \\$1/\" | perl -p -e \"s/($ERRORTAG)/ error: \\$1/\"";
		};
		396642211BB203EF00DF2E99 = {
			isa = PBXShellScriptBuildPhase;
			buildActionMask = 2147483647;
			files = (
			);
			inputPaths = (
			);
			name = "Generate Localization Enum";
			outputPaths = (
			);
			runOnlyForDeploymentPostprocessing = 0;
			shellPath = /bin/sh;
			shellScript = "$SOURCEROOT/Supporting\\ Files/generateLoc.rb $SOURCEROOT/Supporting\\ Files/Base.lproj/Localizable.strings > $SOURCEROOT/Supporting\\ Files/Loc.swift";
		};
		39F4BD3F1B1B683A00900967 = {
			isa = PBXShellScriptBuildPhase;
			buildActionMask = 2147483647;
			files = (
			);
			inputPaths = (
			);
			name = "Authenticate Fabric";
			outputPaths = (
			);
			runOnlyForDeploymentPostprocessing = 0;
			shellPath = /bin/sh;
			shellScript = "./Fabric.framework/run a73c412e3cdf6638dff0bb09b90292655ab3eecd 7899bb8bd32e08f690b8d3b6bb215ea4010ad734af9516ad408a25025c942313";
		};
		9A08A0CD4C7D135505D268B0 = {
			isa = PBXShellScriptBuildPhase;
			buildActionMask = 2147483647;
			files = (
			);
			inputPaths = (
			);
			name = "Copy Pods Resources";
			outputPaths = (
			);
			runOnlyForDeploymentPostprocessing = 0;
			shellPath = /bin/sh;
			shellScript = "\"${SRCROOT}/Pods/Target Support Files/Pods/Pods-resources.sh\"\n";
			showEnvVarsInLog = 0;
		};
		9EB46FEFD7E069C3F62E32E6 = {
			isa = PBXShellScriptBuildPhase;
			buildActionMask = 2147483647;
			files = (
			);
			inputPaths = (
			);
			name = "Check Pods Manifest.lock";
			outputPaths = (
			);
			runOnlyForDeploymentPostprocessing = 0;
			shellPath = /bin/sh;
			shellScript = "diff \"${PODS_ROOT}/../Podfile.lock\" \"${PODS_ROOT}/Manifest.lock\" > /dev/null\nif [[ $? != 0 ]] ; then\n    cat << EOM\nerror: The sandbox is not in sync with the Podfile.lock. Run 'pod install' or update your CocoaPods installation.\nEOM\n    exit 1\nfi\n";
			showEnvVarsInLog = 0;
		};
		D84EC747616463E1B4D22EF3 = {
			isa = PBXShellScriptBuildPhase;
			buildActionMask = 2147483647;
			files = (
			);
			inputPaths = (
			);
			name = "Embed Pods Frameworks";
			outputPaths = (
			);
			runOnlyForDeploymentPostprocessing = 0;
			shellPath = /bin/sh;
			shellScript = "\"${SRCROOT}/Pods/Target Support Files/Pods/Pods-frameworks.sh\"\n";
			showEnvVarsInLog = 0;
		};
/* End PBXShellScriptBuildPhase section */

/* Begin PBXSourcesBuildPhase section */
		39F4CFDA1A6BBC0200ACFECF = {
			isa = PBXSourcesBuildPhase;
			buildActionMask = 2147483647;
			files = (
				393E8B171B440F12003D9D55,
				392E9B471A6D3143006C6869,
				396642201BB203DC00DF2E99,
				393F0D3A1A97BDBB00B25B74,
				39F4CFE61A6BBC0200ACFECF,
				39D529061B42C1D60094BF84,
				39F4CFE41A6BBC0200ACFECF,
				399CEE261BB0BB3F005FBA28,
				394209B41AADB17600E47539,
				39B037521A94C73E00C5A273,
				393F0D381A9737AF00B25B74,
				3946D82D1AD309EB00CB4C41,
				39F5CBB31AC9FC2F00A91879,
				39F5CBAE1AC9F9FE00A91879,
				39F16F7E1AB82899006C2CF0,
				3926FECD1AAC47AA005B2DF9,
			);
			runOnlyForDeploymentPostprocessing = 0;
		};
		39F4CFEF1A6BBC0200ACFECF = {
			isa = PBXSourcesBuildPhase;
			buildActionMask = 2147483647;
			files = (
				39196E941AE562F8003CBB50,
				39F4CFFA1A6BBC0200ACFECF,
			);
			runOnlyForDeploymentPostprocessing = 0;
		};
/* End PBXSourcesBuildPhase section */

/* Begin PBXTargetDependency section */
		39F4CFF51A6BBC0200ACFECF = {
			isa = PBXTargetDependency;
			target = 39F4CFDD1A6BBC0200ACFECF;
			targetProxy = 39F4CFF41A6BBC0200ACFECF;
		};
/* End PBXTargetDependency section */

/* Begin PBXVariantGroup section */
		3904EEE31AE1A3D80080EE81 = {
			isa = PBXVariantGroup;
			children = (
				3904EEE21AE1A3D80080EE81,
				3904EEE41AE1A3DB0080EE81,
			);
			name = abouttext.html;
			path = .;
			sourceTree = "<group>";
		};
		3977CA271A9CC78C00E20014 = {
			isa = PBXVariantGroup;
			children = (
				3977CA261A9CC78C00E20014,
				3977CA281A9CC78E00E20014,
				393407371AF9171C0002EDD3,
			);
			name = InfoPlist.strings;
			path = .;
			sourceTree = "<group>";
		};
		397D7B1F1A9A2236001B5874 = {
			isa = PBXVariantGroup;
			children = (
				397D7B1E1A9A2236001B5874,
				397D7B201A9A223A001B5874,
				393407361AF916B60002EDD3,
			);
			name = Localizable.strings;
			path = .;
			sourceTree = "<group>";
		};
		39F4CFE71A6BBC0200ACFECF = {
			isa = PBXVariantGroup;
			children = (
				39F4CFE81A6BBC0200ACFECF,
			);
			name = Main.storyboard;
			path = .;
			sourceTree = "<group>";
		};
		39F4CFEC1A6BBC0200ACFECF = {
			isa = PBXVariantGroup;
			children = (
				39F4CFED1A6BBC0200ACFECF,
			);
			name = LaunchScreen.xib;
			path = .;
			sourceTree = "<group>";
		};
/* End PBXVariantGroup section */

/* Begin XCBuildConfiguration section */
		39F4CFFB1A6BBC0200ACFECF = {
			isa = XCBuildConfiguration;
			buildSettings = {
				ALWAYS_SEARCH_USER_PATHS = NO;
				CLANG_CXX_LANGUAGE_STANDARD = "gnu++0x";
				CLANG_CXX_LIBRARY = "libc++";
				CLANG_ENABLE_MODULES = YES;
				CLANG_ENABLE_OBJC_ARC = YES;
				CLANG_WARN_BOOL_CONVERSION = YES;
				CLANG_WARN_CONSTANT_CONVERSION = YES;
				CLANG_WARN_DIRECT_OBJC_ISA_USAGE = YES_ERROR;
				CLANG_WARN_EMPTY_BODY = YES;
				CLANG_WARN_ENUM_CONVERSION = YES;
				CLANG_WARN_INT_CONVERSION = YES;
				CLANG_WARN_OBJC_ROOT_CLASS = YES_ERROR;
				CLANG_WARN_UNREACHABLE_CODE = YES;
				CLANG_WARN__DUPLICATE_METHOD_MATCH = YES;
				"CODE_SIGN_IDENTITY[sdk=iphoneos*]" = "iPhone Developer";
				COPY_PHASE_STRIP = NO;
				ENABLE_STRICT_OBJC_MSGSEND = YES;
				ENABLE_TESTABILITY = YES;
				GCC_C_LANGUAGE_STANDARD = gnu99;
				GCC_DYNAMIC_NO_PIC = NO;
				GCC_OPTIMIZATION_LEVEL = 0;
				GCC_PREPROCESSOR_DEFINITIONS = (
					"DEBUG=1",
					"$(inherited)",
				);
				GCC_SYMBOLS_PRIVATE_EXTERN = NO;
				GCC_WARN_64_TO_32_BIT_CONVERSION = YES;
				GCC_WARN_ABOUT_RETURN_TYPE = YES_ERROR;
				GCC_WARN_UNDECLARED_SELECTOR = YES;
				GCC_WARN_UNINITIALIZED_AUTOS = YES_AGGRESSIVE;
				GCC_WARN_UNUSED_FUNCTION = YES;
				GCC_WARN_UNUSED_VARIABLE = YES;
				IPHONEOS_DEPLOYMENT_TARGET = 8.0;
				MTL_ENABLE_DEBUG_INFO = YES;
				ONLY_ACTIVE_ARCH = YES;
				PROVISIONING_PROFILE = "e4a7a7b4-561b-4092-9005-8d2c91492d9c";
				SDKROOT = iphoneos;
				SWIFT_OPTIMIZATION_LEVEL = "-Onone";
			};
			name = Debug;
		};
		39F4CFFC1A6BBC0200ACFECF = {
			isa = XCBuildConfiguration;
			buildSettings = {
				ALWAYS_SEARCH_USER_PATHS = NO;
				CLANG_CXX_LANGUAGE_STANDARD = "gnu++0x";
				CLANG_CXX_LIBRARY = "libc++";
				CLANG_ENABLE_MODULES = YES;
				CLANG_ENABLE_OBJC_ARC = YES;
				CLANG_WARN_BOOL_CONVERSION = YES;
				CLANG_WARN_CONSTANT_CONVERSION = YES;
				CLANG_WARN_DIRECT_OBJC_ISA_USAGE = YES_ERROR;
				CLANG_WARN_EMPTY_BODY = YES;
				CLANG_WARN_ENUM_CONVERSION = YES;
				CLANG_WARN_INT_CONVERSION = YES;
				CLANG_WARN_OBJC_ROOT_CLASS = YES_ERROR;
				CLANG_WARN_UNREACHABLE_CODE = YES;
				CLANG_WARN__DUPLICATE_METHOD_MATCH = YES;
				CODE_SIGN_IDENTITY = "iPhone Distribution";
				"CODE_SIGN_IDENTITY[sdk=iphoneos*]" = "iPhone Distribution";
				COPY_PHASE_STRIP = YES;
				ENABLE_NS_ASSERTIONS = NO;
				ENABLE_STRICT_OBJC_MSGSEND = YES;
				GCC_C_LANGUAGE_STANDARD = gnu99;
				GCC_WARN_64_TO_32_BIT_CONVERSION = YES;
				GCC_WARN_ABOUT_RETURN_TYPE = YES_ERROR;
				GCC_WARN_UNDECLARED_SELECTOR = YES;
				GCC_WARN_UNINITIALIZED_AUTOS = YES_AGGRESSIVE;
				GCC_WARN_UNUSED_FUNCTION = YES;
				GCC_WARN_UNUSED_VARIABLE = YES;
				IPHONEOS_DEPLOYMENT_TARGET = 8.0;
				MTL_ENABLE_DEBUG_INFO = NO;
				PROVISIONING_PROFILE = "e4a7a7b4-561b-4092-9005-8d2c91492d9c";
				SDKROOT = iphoneos;
				VALIDATE_PRODUCT = YES;
			};
			name = Release;
		};
		39F4CFFE1A6BBC0200ACFECF = {
			isa = XCBuildConfiguration;
			baseConfigurationReference = 43FD77E864836590DC337765;
			buildSettings = {
				ASSETCATALOG_COMPILER_APPICON_NAME = AppIcon;
				CLANG_ENABLE_MODULES = YES;
				CODE_SIGN_IDENTITY = "iPhone Developer";
				"CODE_SIGN_IDENTITY[sdk=iphoneos*]" = "iPhone Developer";
				FRAMEWORK_SEARCH_PATHS = (
					"$(inherited)",
					"$(PROJECT_DIR)",
					"$(PROJECT_DIR)/Carthage/Build/iOS",
				);
				INFOPLIST_FILE = "ParkenDD/Supporting Files/Info.plist";
				IPHONEOS_DEPLOYMENT_TARGET = 8.4;
				LD_RUNPATH_SEARCH_PATHS = "$(inherited) @executable_path/Frameworks";
				PRODUCT_BUNDLE_IDENTIFIER = "io.kilian.$(PRODUCT_NAME:rfc1034identifier)";
				PRODUCT_NAME = "$(TARGET_NAME)";
				PROVISIONING_PROFILE = "e4a7a7b4-561b-4092-9005-8d2c91492d9c";
				SOURCEROOT = ParkenDD/;
				SWIFT_OBJC_BRIDGING_HEADER = "ParkenDD/ParkenDD-Bridging-Header.h";
				SWIFT_OPTIMIZATION_LEVEL = "-Onone";
			};
			name = Debug;
		};
		39F4CFFF1A6BBC0200ACFECF = {
			isa = XCBuildConfiguration;
			baseConfigurationReference = 651121194DE5DC2C75F9DC65;
			buildSettings = {
				ASSETCATALOG_COMPILER_APPICON_NAME = AppIcon;
				CLANG_ENABLE_MODULES = YES;
				CODE_SIGN_IDENTITY = "iPhone Developer";
				"CODE_SIGN_IDENTITY[sdk=iphoneos*]" = "iPhone Distribution";
				FRAMEWORK_SEARCH_PATHS = (
					"$(inherited)",
					"$(PROJECT_DIR)",
					"$(PROJECT_DIR)/Carthage/Build/iOS",
				);
				INFOPLIST_FILE = "ParkenDD/Supporting Files/Info.plist";
				IPHONEOS_DEPLOYMENT_TARGET = 8.4;
				LD_RUNPATH_SEARCH_PATHS = "$(inherited) @executable_path/Frameworks";
				PRODUCT_BUNDLE_IDENTIFIER = "io.kilian.$(PRODUCT_NAME:rfc1034identifier)";
				PRODUCT_NAME = "$(TARGET_NAME)";
				PROVISIONING_PROFILE = "e4a7a7b4-561b-4092-9005-8d2c91492d9c";
				SOURCEROOT = ParkenDD/;
				SWIFT_OBJC_BRIDGING_HEADER = "ParkenDD/ParkenDD-Bridging-Header.h";
			};
			name = Release;
		};
		39F4D0011A6BBC0200ACFECF = {
			isa = XCBuildConfiguration;
			buildSettings = {
				BUNDLE_LOADER = "$(TEST_HOST)";
				CODE_SIGN_IDENTITY = "iPhone Developer";
				"CODE_SIGN_IDENTITY[sdk=iphoneos*]" = "iPhone Developer";
				FRAMEWORK_SEARCH_PATHS = (
					"$(SDKROOT)/Developer/Library/Frameworks",
					"$(inherited)",
				);
				GCC_PREPROCESSOR_DEFINITIONS = (
					"DEBUG=1",
					"$(inherited)",
				);
				INFOPLIST_FILE = "ParkenDDTests/Supporting Files/Info.plist";
				LD_RUNPATH_SEARCH_PATHS = "$(inherited) @executable_path/Frameworks @loader_path/Frameworks";
				PRODUCT_BUNDLE_IDENTIFIER = "io.kilian.$(PRODUCT_NAME:rfc1034identifier)";
				PRODUCT_NAME = "$(TARGET_NAME)";
				PROVISIONING_PROFILE = "";
				TEST_HOST = "$(BUILT_PRODUCTS_DIR)/ParkenDD.app/ParkenDD";
			};
			name = Debug;
		};
		39F4D0021A6BBC0200ACFECF = {
			isa = XCBuildConfiguration;
			buildSettings = {
				BUNDLE_LOADER = "$(TEST_HOST)";
				CODE_SIGN_IDENTITY = "iPhone Developer";
				"CODE_SIGN_IDENTITY[sdk=iphoneos*]" = "iPhone Developer";
				FRAMEWORK_SEARCH_PATHS = (
					"$(SDKROOT)/Developer/Library/Frameworks",
					"$(inherited)",
				);
				INFOPLIST_FILE = "ParkenDDTests/Supporting Files/Info.plist";
				LD_RUNPATH_SEARCH_PATHS = "$(inherited) @executable_path/Frameworks @loader_path/Frameworks";
				PRODUCT_BUNDLE_IDENTIFIER = "io.kilian.$(PRODUCT_NAME:rfc1034identifier)";
				PRODUCT_NAME = "$(TARGET_NAME)";
				PROVISIONING_PROFILE = "";
				TEST_HOST = "$(BUILT_PRODUCTS_DIR)/ParkenDD.app/ParkenDD";
			};
			name = Release;
		};
/* End XCBuildConfiguration section */

/* Begin XCConfigurationList section */
		39F4CFD91A6BBC0200ACFECF = {
			isa = XCConfigurationList;
			buildConfigurations = (
				39F4CFFB1A6BBC0200ACFECF,
				39F4CFFC1A6BBC0200ACFECF,
			);
			defaultConfigurationIsVisible = 0;
			defaultConfigurationName = Release;
		};
		39F4CFFD1A6BBC0200ACFECF = {
			isa = XCConfigurationList;
			buildConfigurations = (
				39F4CFFE1A6BBC0200ACFECF,
				39F4CFFF1A6BBC0200ACFECF,
			);
			defaultConfigurationIsVisible = 0;
			defaultConfigurationName = Release;
		};
		39F4D0001A6BBC0200ACFECF = {
			isa = XCConfigurationList;
			buildConfigurations = (
				39F4D0011A6BBC0200ACFECF,
				39F4D0021A6BBC0200ACFECF,
			);
			defaultConfigurationIsVisible = 0;
			defaultConfigurationName = Release;
		};
/* End XCConfigurationList section */
	};
	rootObject = 39F4CFD61A6BBC0200ACFECF;
}
